
Microsoft Visual Studio Solution File, Format Version 12.00
# Visual Studio Version 17
VisualStudioVersion = 17.5.33516.290
MinimumVisualStudioVersion = 10.0.40219.1
Project("{FAE04EC0-301F-11D3-BF4B-00C04F79EFBC}") = "Task3", "Task3.csproj", "{722CDB1B-FD1E-4168-96D7-F0B69DCE5D6B}"
EndProject
Global
	GlobalSection(SolutionConfigurationPlatforms) = preSolution
		Debug|Any CPU = Debug|Any CPU
		Release|Any CPU = Release|Any CPU
	EndGlobalSection
	GlobalSection(ProjectConfigurationPlatforms) = postSolution
		{722CDB1B-FD1E-4168-96D7-F0B69DCE5D6B}.Debug|Any CPU.ActiveCfg = Debug|Any CPU
		{722CDB1B-FD1E-4168-96D7-F0B69DCE5D6B}.Debug|Any CPU.Build.0 = Debug|Any CPU
		{722CDB1B-FD1E-4168-96D7-F0B69DCE5D6B}.Release|Any CPU.ActiveCfg = Release|Any CPU
		{722CDB1B-FD1E-4168-96D7-F0B69DCE5D6B}.Release|Any CPU.Build.0 = Release|Any CPU
	EndGlobalSection
	GlobalSection(SolutionProperties) = preSolution
		HideSolutionNode = FALSE
	EndGlobalSection
	GlobalSection(ExtensibilityGlobals) = postSolution
		SolutionGuid = {264818CD-2575-4CFE-BBEC-0A39768270B1}
	EndGlobalSection
EndGlobal
